
Microsoft Visual Studio Solution File, Format Version 12.00
# Visual Studio Version 16
VisualStudioVersion = 16.0.28803.202
MinimumVisualStudioVersion = 10.0.40219.1
Project("{FAE04EC0-301F-11D3-BF4B-00C04F79EFBC}") = "myCat", "myCat\myCat.csproj", "{C20A5F6A-E14F-45B9-81FB-D8B8CBC1CD60}"
EndProject
Global
	GlobalSection(SolutionConfigurationPlatforms) = preSolution
		Debug|Any CPU = Debug|Any CPU
		Release|Any CPU = Release|Any CPU
	EndGlobalSection
	GlobalSection(ProjectConfigurationPlatforms) = postSolution
		{C20A5F6A-E14F-45B9-81FB-D8B8CBC1CD60}.Debug|Any CPU.ActiveCfg = Debug|Any CPU
		{C20A5F6A-E14F-45B9-81FB-D8B8CBC1CD60}.Debug|Any CPU.Build.0 = Debug|Any CPU
		{C20A5F6A-E14F-45B9-81FB-D8B8CBC1CD60}.Release|Any CPU.ActiveCfg = Release|Any CPU
		{C20A5F6A-E14F-45B9-81FB-D8B8CBC1CD60}.Release|Any CPU.Build.0 = Release|Any CPU
	EndGlobalSection
	GlobalSection(SolutionProperties) = preSolution
		HideSolutionNode = FALSE
	EndGlobalSection
	GlobalSection(ExtensibilityGlobals) = postSolution
		SolutionGuid = {3F074B72-73F9-41BC-8647-EF464EE7540F}
	EndGlobalSection
EndGlobal
